
Microsoft Visual Studio Solution File, Format Version 12.00
# Visual Studio 2012
Project("{FAE04EC0-301F-11D3-BF4B-00C04F79EFBC}") = "Chaos.NaCl", "Chaos.NaCl\Chaos.NaCl.csproj", "{AE28FD14-7985-4707-A963-C94B8597AE50}"
EndProject
Project("{FAE04EC0-301F-11D3-BF4B-00C04F79EFBC}") = "Chaos.NaCl.Benchmark", "Chaos.NaCl.Benchmark\Chaos.NaCl.Benchmark.csproj", "{28321BA8-C416-4F81-BE4C-1546CD62118B}"
EndProject
Project("{FAE04EC0-301F-11D3-BF4B-00C04F79EFBC}") = "Chaos.NaCl.Tests", "Chaos.NaCl.Tests\Chaos.NaCl.Tests.csproj", "{433DF668-E178-4F13-A500-4D3609F450B9}"
EndProject
Project("{FAE04EC0-301F-11D3-BF4B-00C04F79EFBC}") = "Chaos.NaCl.Benchmark32", "Chaos.NaCl.Benchmark32\Chaos.NaCl.Benchmark32.csproj", "{414429EE-D02E-485B-BE58-52DF33CF56AA}"
EndProject
Global
	GlobalSection(SolutionConfigurationPlatforms) = preSolution
		Debug|Any CPU = Debug|Any CPU
		Release|Any CPU = Release|Any CPU
	EndGlobalSection
	GlobalSection(ProjectConfigurationPlatforms) = postSolution
		{AE28FD14-7985-4707-A963-C94B8597AE50}.Debug|Any CPU.ActiveCfg = Debug|Any CPU
		{AE28FD14-7985-4707-A963-C94B8597AE50}.Debug|Any CPU.Build.0 = Debug|Any CPU
		{AE28FD14-7985-4707-A963-C94B8597AE50}.Release|Any CPU.ActiveCfg = Release|Any CPU
		{AE28FD14-7985-4707-A963-C94B8597AE50}.Release|Any CPU.Build.0 = Release|Any CPU
		{28321BA8-C416-4F81-BE4C-1546CD62118B}.Debug|Any CPU.ActiveCfg = Debug|Any CPU
		{28321BA8-C416-4F81-BE4C-1546CD62118B}.Debug|Any CPU.Build.0 = Debug|Any CPU
		{28321BA8-C416-4F81-BE4C-1546CD62118B}.Release|Any CPU.ActiveCfg = Release|Any CPU
		{28321BA8-C416-4F81-BE4C-1546CD62118B}.Release|Any CPU.Build.0 = Release|Any CPU
		{433DF668-E178-4F13-A500-4D3609F450B9}.Debug|Any CPU.ActiveCfg = Debug|Any CPU
		{433DF668-E178-4F13-A500-4D3609F450B9}.Debug|Any CPU.Build.0 = Debug|Any CPU
		{433DF668-E178-4F13-A500-4D3609F450B9}.Release|Any CPU.ActiveCfg = Release|Any CPU
		{433DF668-E178-4F13-A500-4D3609F450B9}.Release|Any CPU.Build.0 = Release|Any CPU
		{414429EE-D02E-485B-BE58-52DF33CF56AA}.Debug|Any CPU.ActiveCfg = Debug|Any CPU
		{414429EE-D02E-485B-BE58-52DF33CF56AA}.Debug|Any CPU.Build.0 = Debug|Any CPU
		{414429EE-D02E-485B-BE58-52DF33CF56AA}.Release|Any CPU.ActiveCfg = Release|Any CPU
		{414429EE-D02E-485B-BE58-52DF33CF56AA}.Release|Any CPU.Build.0 = Release|Any CPU
	EndGlobalSection
	GlobalSection(SolutionProperties) = preSolution
		HideSolutionNode = FALSE
	EndGlobalSection
EndGlobal
